// !$*UTF8*$!
{
	archiveVersion = 1;
	classes = {
	};
	objectVersion = 46;
	objects = {

/* Begin PBXBuildFile section */
		78486E521DB3ED4700AB9485 /* AppDelegate.swift in Sources */ = {isa = PBXBuildFile; fileRef = 78486E511DB3ED4700AB9485 /* AppDelegate.swift */; };
		78486E591DB3ED4700AB9485 /* Main.storyboard in Resources */ = {isa = PBXBuildFile; fileRef = 78486E571DB3ED4700AB9485 /* Main.storyboard */; };
		78486E5B1DB3ED4700AB9485 /* Assets.xcassets in Resources */ = {isa = PBXBuildFile; fileRef = 78486E5A1DB3ED4700AB9485 /* Assets.xcassets */; };
		78486E5E1DB3ED4700AB9485 /* LaunchScreen.storyboard in Resources */ = {isa = PBXBuildFile; fileRef = 78486E5C1DB3ED4700AB9485 /* LaunchScreen.storyboard */; };
		78486E671DB3F51F00AB9485 /* RPVoiceMusic.m4a in Resources */ = {isa = PBXBuildFile; fileRef = 78486E661DB3F51F00AB9485 /* RPVoiceMusic.m4a */; };
		78486E691DB3F53F00AB9485 /* MainViewController.swift in Sources */ = {isa = PBXBuildFile; fileRef = 78486E681DB3F53F00AB9485 /* MainViewController.swift */; };
		78486E6B1DB3FBC200AB9485 /* BioViewController.swift in Sources */ = {isa = PBXBuildFile; fileRef = 78486E6A1DB3FBC200AB9485 /* BioViewController.swift */; };
		78486E6D1DB3FBDB00AB9485 /* CreditsViewController.swift in Sources */ = {isa = PBXBuildFile; fileRef = 78486E6C1DB3FBDB00AB9485 /* CreditsViewController.swift */; };
/* End PBXBuildFile section */

/* Begin PBXFileReference section */
		78486E4E1DB3ED4700AB9485 /* River Passage.app */ = {isa = PBXFileReference; explicitFileType = wrapper.application; includeInIndex = 0; path = "River Passage.app"; sourceTree = BUILT_PRODUCTS_DIR; };
		78486E511DB3ED4700AB9485 /* AppDelegate.swift */ = {isa = PBXFileReference; lastKnownFileType = sourcecode.swift; path = AppDelegate.swift; sourceTree = "<group>"; };
		78486E581DB3ED4700AB9485 /* Base */ = {isa = PBXFileReference; lastKnownFileType = file.storyboard; name = Base; path = Base.lproj/Main.storyboard; sourceTree = "<group>"; };
		78486E5A1DB3ED4700AB9485 /* Assets.xcassets */ = {isa = PBXFileReference; lastKnownFileType = folder.assetcatalog; path = Assets.xcassets; sourceTree = "<group>"; };
		78486E5D1DB3ED4700AB9485 /* Base */ = {isa = PBXFileReference; lastKnownFileType = file.storyboard; name = Base; path = Base.lproj/LaunchScreen.storyboard; sourceTree = "<group>"; };
		78486E5F1DB3ED4700AB9485 /* Info.plist */ = {isa = PBXFileReference; lastKnownFileType = text.plist.xml; path = Info.plist; sourceTree = "<group>"; };
		78486E661DB3F51F00AB9485 /* RPVoiceMusic.m4a */ = {isa = PBXFileReference; lastKnownFileType = file; name = RPVoiceMusic.m4a; path = Audio/RPVoiceMusic.m4a; sourceTree = "<group>"; };
		78486E681DB3F53F00AB9485 /* MainViewController.swift */ = {isa = PBXFileReference; fileEncoding = 4; lastKnownFileType = sourcecode.swift; path = MainViewController.swift; sourceTree = "<group>"; };
		78486E6A1DB3FBC200AB9485 /* BioViewController.swift */ = {isa = PBXFileReference; fileEncoding = 4; lastKnownFileType = sourcecode.swift; path = BioViewController.swift; sourceTree = "<group>"; };
		78486E6C1DB3FBDB00AB9485 /* CreditsViewController.swift */ = {isa = PBXFileReference; fileEncoding = 4; lastKnownFileType = sourcecode.swift; path = CreditsViewController.swift; sourceTree = "<group>"; };
/* End PBXFileReference section */

/* Begin PBXFrameworksBuildPhase section */
		78486E4B1DB3ED4700AB9485 /* Frameworks */ = {
			isa = PBXFrameworksBuildPhase;
			buildActionMask = 2147483647;
			files = (
			);
			runOnlyForDeploymentPostprocessing = 0;
		};
/* End PBXFrameworksBuildPhase section */

/* Begin PBXGroup section */
		78486E451DB3ED4700AB9485 = {
			isa = PBXGroup;
			children = (
				78486E501DB3ED4700AB9485 /* River Passage */,
				78486E4F1DB3ED4700AB9485 /* Products */,
			);
			sourceTree = "<group>";
		};
		78486E4F1DB3ED4700AB9485 /* Products */ = {
			isa = PBXGroup;
			children = (
				78486E4E1DB3ED4700AB9485 /* River Passage.app */,
			);
			name = Products;
			sourceTree = "<group>";
		};
		78486E501DB3ED4700AB9485 /* River Passage */ = {
			isa = PBXGroup;
			children = (
				78486E511DB3ED4700AB9485 /* AppDelegate.swift */,
				78486E681DB3F53F00AB9485 /* MainViewController.swift */,
				78486E6A1DB3FBC200AB9485 /* BioViewController.swift */,
				78486E6C1DB3FBDB00AB9485 /* CreditsViewController.swift */,
				78486E651DB3F4D500AB9485 /* Audio */,
				78486E571DB3ED4700AB9485 /* Main.storyboard */,
				78486E5A1DB3ED4700AB9485 /* Assets.xcassets */,
				78486E5C1DB3ED4700AB9485 /* LaunchScreen.storyboard */,
				78486E5F1DB3ED4700AB9485 /* Info.plist */,
			);
			path = "River Passage";
			sourceTree = "<group>";
		};
		78486E651DB3F4D500AB9485 /* Audio */ = {
			isa = PBXGroup;
			children = (
				78486E661DB3F51F00AB9485 /* RPVoiceMusic.m4a */,
			);
			name = Audio;
			sourceTree = "<group>";
		};
/* End PBXGroup section */

/* Begin PBXNativeTarget section */
		78486E4D1DB3ED4700AB9485 /* River Passage */ = {
			isa = PBXNativeTarget;
			buildConfigurationList = 78486E621DB3ED4700AB9485 /* Build configuration list for PBXNativeTarget "River Passage" */;
			buildPhases = (
				78486E4A1DB3ED4700AB9485 /* Sources */,
				78486E4B1DB3ED4700AB9485 /* Frameworks */,
				78486E4C1DB3ED4700AB9485 /* Resources */,
			);
			buildRules = (
			);
			dependencies = (
			);
			name = "River Passage";
			productName = "River Passage";
			productReference = 78486E4E1DB3ED4700AB9485 /* River Passage.app */;
			productType = "com.apple.product-type.application";
		};
/* End PBXNativeTarget section */

/* Begin PBXProject section */
		78486E461DB3ED4700AB9485 /* Project object */ = {
			isa = PBXProject;
			attributes = {
				LastSwiftUpdateCheck = 0800;
				LastUpgradeCheck = 0800;
				ORGANIZATIONNAME = noorg;
				TargetAttributes = {
					78486E4D1DB3ED4700AB9485 = {
						CreatedOnToolsVersion = 8.0;
						DevelopmentTeam = FPL5896D45;
						ProvisioningStyle = Automatic;
					};
				};
			};
			buildConfigurationList = 78486E491DB3ED4700AB9485 /* Build configuration list for PBXProject "River Passage" */;
			compatibilityVersion = "Xcode 3.2";
			developmentRegion = English;
			hasScannedForEncodings = 0;
			knownRegions = (
				en,
				Base,
			);
			mainGroup = 78486E451DB3ED4700AB9485;
			productRefGroup = 78486E4F1DB3ED4700AB9485 /* Products */;
			projectDirPath = "";
			projectRoot = "";
			targets = (
				78486E4D1DB3ED4700AB9485 /* River Passage */,
			);
		};
/* End PBXProject section */

/* Begin PBXResourcesBuildPhase section */
		78486E4C1DB3ED4700AB9485 /* Resources */ = {
			isa = PBXResourcesBuildPhase;
			buildActionMask = 2147483647;
			files = (
				78486E5E1DB3ED4700AB9485 /* LaunchScreen.storyboard in Resources */,
				78486E671DB3F51F00AB9485 /* RPVoiceMusic.m4a in Resources */,
				78486E5B1DB3ED4700AB9485 /* Assets.xcassets in Resources */,
				78486E591DB3ED4700AB9485 /* Main.storyboard in Resources */,
			);
			runOnlyForDeploymentPostprocessing = 0;
		};
/* End PBXResourcesBuildPhase section */

/* Begin PBXSourcesBuildPhase section */
		78486E4A1DB3ED4700AB9485 /* Sources */ = {
			isa = PBXSourcesBuildPhase;
			buildActionMask = 2147483647;
			files = (
				78486E521DB3ED4700AB9485 /* AppDelegate.swift in Sources */,
				78486E691DB3F53F00AB9485 /* MainViewController.swift in Sources */,
				78486E6B1DB3FBC200AB9485 /* BioViewController.swift in Sources */,
				78486E6D1DB3FBDB00AB9485 /* CreditsViewController.swift in Sources */,
			);
			runOnlyForDeploymentPostprocessing = 0;
		};
/* End PBXSourcesBuildPhase section */

/* Begin PBXVariantGroup section */
		78486E571DB3ED4700AB9485 /* Main.storyboard */ = {
			isa = PBXVariantGroup;
			children = (
				78486E581DB3ED4700AB9485 /* Base */,
			);
			name = Main.storyboard;
			sourceTree = "<group>";
		};
		78486E5C1DB3ED4700AB9485 /* LaunchScreen.storyboard */ = {
			isa = PBXVariantGroup;
			children = (
				78486E5D1DB3ED4700AB9485 /* Base */,
			);
			name = LaunchScreen.storyboard;
			sourceTree = "<group>";
		};
/* End PBXVariantGroup section */

/* Begin XCBuildConfiguration section */
		78486E601DB3ED4700AB9485 /* Debug */ = {
			isa = XCBuildConfiguration;
			buildSettings = {
				ALWAYS_SEARCH_USER_PATHS = NO;
				CLANG_ANALYZER_NONNULL = YES;
				CLANG_CXX_LANGUAGE_STANDARD = "gnu++0x";
				CLANG_CXX_LIBRARY = "libc++";
				CLANG_ENABLE_MODULES = YES;
				CLANG_ENABLE_OBJC_ARC = YES;
				CLANG_WARN_BOOL_CONVERSION = YES;
				CLANG_WARN_CONSTANT_CONVERSION = YES;
				CLANG_WARN_DIRECT_OBJC_ISA_USAGE = YES_ERROR;
				CLANG_WARN_DOCUMENTATION_COMMENTS = YES;
				CLANG_WARN_EMPTY_BODY = YES;
				CLANG_WARN_ENUM_CONVERSION = YES;
				CLANG_WARN_INFINITE_RECURSION = YES;
				CLANG_WARN_INT_CONVERSION = YES;
				CLANG_WARN_OBJC_ROOT_CLASS = YES_ERROR;
				CLANG_WARN_SUSPICIOUS_MOVES = YES;
				CLANG_WARN_UNREACHABLE_CODE = YES;
				CLANG_WARN__DUPLICATE_METHOD_MATCH = YES;
				"CODE_SIGN_IDENTITY[sdk=iphoneos*]" = "iPhone Developer";
				COPY_PHASE_STRIP = NO;
				DEBUG_INFORMATION_FORMAT = dwarf;
				ENABLE_STRICT_OBJC_MSGSEND = YES;
				ENABLE_TESTABILITY = YES;
				GCC_C_LANGUAGE_STANDARD = gnu99;
				GCC_DYNAMIC_NO_PIC = NO;
				GCC_NO_COMMON_BLOCKS = YES;
				GCC_OPTIMIZATION_LEVEL = 0;
				GCC_PREPROCESSOR_DEFINITIONS = (
					"DEBUG=1",
					"$(inherited)",
				);
				GCC_WARN_64_TO_32_BIT_CONVERSION = YES;
				GCC_WARN_ABOUT_RETURN_TYPE = YES_ERROR;
				GCC_WARN_UNDECLARED_SELECTOR = YES;
				GCC_WARN_UNINITIALIZED_AUTOS = YES_AGGRESSIVE;
				GCC_WARN_UNUSED_FUNCTION = YES;
				GCC_WARN_UNUSED_VARIABLE = YES;
				IPHONEOS_DEPLOYMENT_TARGET = 9.0;
				MTL_ENABLE_DEBUG_INFO = YES;
				ONLY_ACTIVE_ARCH = YES;
				SDKROOT = iphoneos;
				SWIFT_ACTIVE_COMPILATION_CONDITIONS = DEBUG;
				SWIFT_OPTIMIZATION_LEVEL = "-Onone";
				TARGETED_DEVICE_FAMILY = "1,2";
			};
			name = Debug;
		};
		78486E611DB3ED4700AB9485 /* Release */ = {
			isa = XCBuildConfiguration;
			buildSettings = {
				ALWAYS_SEARCH_USER_PATHS = NO;
				CLANG_ANALYZER_NONNULL = YES;
				CLANG_CXX_LANGUAGE_STANDARD = "gnu++0x";
				CLANG_CXX_LIBRARY = "libc++";
				CLANG_ENABLE_MODULES = YES;
				CLANG_ENABLE_OBJC_ARC = YES;
				CLANG_WARN_BOOL_CONVERSION = YES;
				CLANG_WARN_CONSTANT_CONVERSION = YES;
				CLANG_WARN_DIRECT_OBJC_ISA_USAGE = YES_ERROR;
				CLANG_WARN_DOCUMENTATION_COMMENTS = YES;
				CLANG_WARN_EMPTY_BODY = YES;
				CLANG_WARN_ENUM_CONVERSION = YES;
				CLANG_WARN_INFINITE_RECURSION = YES;
				CLANG_WARN_INT_CONVERSION = YES;
				CLANG_WARN_OBJC_ROOT_CLASS = YES_ERROR;
				CLANG_WARN_SUSPICIOUS_MOVES = YES;
				CLANG_WARN_UNREACHABLE_CODE = YES;
				CLANG_WARN__DUPLICATE_METHOD_MATCH = YES;
				"CODE_SIGN_IDENTITY[sdk=iphoneos*]" = "iPhone Developer";
				COPY_PHASE_STRIP = NO;
				DEBUG_INFORMATION_FORMAT = "dwarf-with-dsym";
				ENABLE_NS_ASSERTIONS = NO;
				ENABLE_STRICT_OBJC_MSGSEND = YES;
				GCC_C_LANGUAGE_STANDARD = gnu99;
				GCC_NO_COMMON_BLOCKS = YES;
				GCC_WARN_64_TO_32_BIT_CONVERSION = YES;
				GCC_WARN_ABOUT_RETURN_TYPE = YES_ERROR;
				GCC_WARN_UNDECLARED_SELECTOR = YES;
				GCC_WARN_UNINITIALIZED_AUTOS = YES_AGGRESSIVE;
				GCC_WARN_UNUSED_FUNCTION = YES;
				GCC_WARN_UNUSED_VARIABLE = YES;
				IPHONEOS_DEPLOYMENT_TARGET = 9.0;
				MTL_ENABLE_DEBUG_INFO = NO;
				SDKROOT = iphoneos;
				SWIFT_OPTIMIZATION_LEVEL = "-Owholemodule";
				TARGETED_DEVICE_FAMILY = "1,2";
				VALIDATE_PRODUCT = YES;
			};
			name = Release;
		};
		78486E631DB3ED4700AB9485 /* Debug */ = {
			isa = XCBuildConfiguration;
			buildSettings = {
				ASSETCATALOG_COMPILER_APPICON_NAME = AppIcon;
				DEVELOPMENT_TEAM = FPL5896D45;
				INFOPLIST_FILE = "River Passage/Info.plist";
				IPHONEOS_DEPLOYMENT_TARGET = 9.0;
				LD_RUNPATH_SEARCH_PATHS = "$(inherited) @executable_path/Frameworks";
				PRODUCT_BUNDLE_IDENTIFIER = "com.noorg.River-Passage";
				PRODUCT_NAME = "$(TARGET_NAME)";
				SWIFT_VERSION = 3.0;
			};
			name = Debug;
		};
		78486E641DB3ED4700AB9485 /* Release */ = {
			isa = XCBuildConfiguration;
			buildSettings = {
				ASSETCATALOG_COMPILER_APPICON_NAME = AppIcon;
				DEVELOPMENT_TEAM = FPL5896D45;
				INFOPLIST_FILE = "River Passage/Info.plist";
				IPHONEOS_DEPLOYMENT_TARGET = 9.0;
				LD_RUNPATH_SEARCH_PATHS = "$(inherited) @executable_path/Frameworks";
				PRODUCT_BUNDLE_IDENTIFIER = "com.noorg.River-Passage";
				PRODUCT_NAME = "$(TARGET_NAME)";
				SWIFT_VERSION = 3.0;
			};
			name = Release;
		};
/* End XCBuildConfiguration section */

/* Begin XCConfigurationList section */
		78486E491DB3ED4700AB9485 /* Build configuration list for PBXProject "River Passage" */ = {
			isa = XCConfigurationList;
			buildConfigurations = (
				78486E601DB3ED4700AB9485 /* Debug */,
				78486E611DB3ED4700AB9485 /* Release */,
			);
			defaultConfigurationIsVisible = 0;
			defaultConfigurationName = Release;
		};
		78486E621DB3ED4700AB9485 /* Build configuration list for PBXNativeTarget "River Passage" */ = {
			isa = XCConfigurationList;
			buildConfigurations = (
				78486E631DB3ED4700AB9485 /* Debug */,
				78486E641DB3ED4700AB9485 /* Release */,
			);
			defaultConfigurationIsVisible = 0;
			defaultConfigurationName = Release;
		};
/* End XCConfigurationList section */
	};
	rootObject = 78486E461DB3ED4700AB9485 /* Project object */;
}
